
Microsoft Visual Studio Solution File, Format Version 12.00
# Visual Studio Version 17
VisualStudioVersion = 17.14.36518.9 d17.14
MinimumVisualStudioVersion = 10.0.40219.1
Project("{FAE04EC0-301F-11D3-BF4B-00C04F79EFBC}") = "AerialVehicleAssignment", "AerialVehicleAssignment\AerialVehicleAssignment.csproj", "{94B39C85-F534-489E-A1E6-717EA7FB0F64}"
EndProject
Global
	GlobalSection(SolutionConfigurationPlatforms) = preSolution
		Debug|Any CPU = Debug|Any CPU
		Release|Any CPU = Release|Any CPU
	EndGlobalSection
	GlobalSection(ProjectConfigurationPlatforms) = postSolution
		{94B39C85-F534-489E-A1E6-717EA7FB0F64}.Debug|Any CPU.ActiveCfg = Debug|Any CPU
		{94B39C85-F534-489E-A1E6-717EA7FB0F64}.Debug|Any CPU.Build.0 = Debug|Any CPU
		{94B39C85-F534-489E-A1E6-717EA7FB0F64}.Release|Any CPU.ActiveCfg = Release|Any CPU
		{94B39C85-F534-489E-A1E6-717EA7FB0F64}.Release|Any CPU.Build.0 = Release|Any CPU
	EndGlobalSection
	GlobalSection(SolutionProperties) = preSolution
		HideSolutionNode = FALSE
	EndGlobalSection
	GlobalSection(ExtensibilityGlobals) = postSolution
		SolutionGuid = {DBA077C5-7BF9-4FB0-BB56-A481A97BDAA9}
	EndGlobalSection
EndGlobal
